
Microsoft Visual Studio Solution File, Format Version 12.00
# Visual Studio 15
VisualStudioVersion = 15.0.26430.14
MinimumVisualStudioVersion = 10.0.40219.1
Project("{2150E333-8FDC-42A3-9474-1A3956D46DE8}") = "Solution Items", "Solution Items", "{681AC634-C93C-4EA8-8325-83659F58A078}"
	ProjectSection(SolutionItems) = preProject
		NuGet.Config = NuGet.Config
	EndProjectSection
EndProject
Project("{2150E333-8FDC-42A3-9474-1A3956D46DE8}") = "Test", "Test", "{44EA3967-9481-42D7-A7F3-7C4B3AA5CE3B}"
EndProject
Project("{FAE04EC0-301F-11D3-BF4B-00C04F79EFBC}") = "MajorLeagueMiruken.Api.Test", "Test\MajorLeagueMiruken.Api.Test\MajorLeagueMiruken.Api.Test.csproj", "{0F3468FD-C684-4D5B-A04A-6E09440A0464}"
EndProject
Project("{FAE04EC0-301F-11D3-BF4B-00C04F79EFBC}") = "MajorLeagueMiruken.Console.Test", "Test\MajorLeagueMiruken.Console.Test\MajorLeagueMiruken.Console.Test.csproj", "{A943D278-98DF-42E7-9CF3-41390CBC4FD6}"
EndProject
Project("{FAE04EC0-301F-11D3-BF4B-00C04F79EFBC}") = "MajorLeagueMiruken.Mvc.Test", "Test\MajorLeagueMiruken.Mvc.Test\MajorLeagueMiruken.Mvc.Test.csproj", "{DF97FBB2-33EC-4FCB-A00F-4CD9928AAA70}"
EndProject
Project("{FAE04EC0-301F-11D3-BF4B-00C04F79EFBC}") = "MajorLeagueMiruken", "Source\MajorLeagueMiruken\MajorLeagueMiruken.csproj", "{F97B306D-F74F-40CE-841E-18D4E0948397}"
EndProject
Project("{FAE04EC0-301F-11D3-BF4B-00C04F79EFBC}") = "MajorLeagueMiruken.Api", "Source\MajorLeagueMiruken.Api\MajorLeagueMiruken.Api.csproj", "{32B5E381-78A6-4ADF-B008-F2C021D5586F}"
EndProject
Project("{FAE04EC0-301F-11D3-BF4B-00C04F79EFBC}") = "MajorLeagueMiruken.Console", "Source\MajorLeagueMiruken.Console\MajorLeagueMiruken.Console.csproj", "{C718D4FF-8E1F-4BBA-9DE6-2D33A272971B}"
EndProject
Project("{FAE04EC0-301F-11D3-BF4B-00C04F79EFBC}") = "MajorLeagueMiruken.Mvc", "Source\MajorLeagueMiruken.Mvc\MajorLeagueMiruken.Mvc.csproj", "{FC999600-443D-4D6B-B980-70C0F643888D}"
EndProject
Project("{FAE04EC0-301F-11D3-BF4B-00C04F79EFBC}") = "MajorLeagueMiruken.Wpf.App", "Source\MajorLeagueMiruken.Wpf.App\MajorLeagueMiruken.Wpf.App.csproj", "{32BD2D30-4B4E-433F-9626-CDE1F384BF77}"
EndProject
Project("{FAE04EC0-301F-11D3-BF4B-00C04F79EFBC}") = "MajorLeagueMiruken.Domain.Test", "Test\MajorLeagueMiruken.Domain.Test\MajorLeagueMiruken.Domain.Test.csproj", "{4F3DAF02-4FD7-4BA7-8EC0-F0967A8B2686}"
EndProject
Project("{FAE04EC0-301F-11D3-BF4B-00C04F79EFBC}") = "MajorLeagueMiruken.Domain", "Source\MajorLeagueMiruken.Domain\MajorLeagueMiruken.Domain.csproj", "{42D80C8A-9FB6-4CA8-910D-BB683E35F861}"
EndProject
Project("{FAE04EC0-301F-11D3-BF4B-00C04F79EFBC}") = "MajorLeagueMiruken.ServiceAgent.Test", "Test\MajorLeagueMiruken.ServiceAgent.Test\MajorLeagueMiruken.ServiceAgent.Test.csproj", "{291C38C7-E002-4247-B6B1-F3D4012B3542}"
EndProject
Project("{FAE04EC0-301F-11D3-BF4B-00C04F79EFBC}") = "MajorLeagueAssisticant.Wpf.App", "Source\MajorLeagueAssisticant.Wpf.App\MajorLeagueAssisticant.Wpf.App.csproj", "{2AB585A9-3001-4BB3-9A27-FAFBF19D2D93}"
EndProject
Global
	GlobalSection(SolutionConfigurationPlatforms) = preSolution
		Debug|Any CPU = Debug|Any CPU
		Release|Any CPU = Release|Any CPU
	EndGlobalSection
	GlobalSection(ProjectConfigurationPlatforms) = postSolution
		{0F3468FD-C684-4D5B-A04A-6E09440A0464}.Debug|Any CPU.ActiveCfg = Debug|Any CPU
		{0F3468FD-C684-4D5B-A04A-6E09440A0464}.Debug|Any CPU.Build.0 = Debug|Any CPU
		{0F3468FD-C684-4D5B-A04A-6E09440A0464}.Release|Any CPU.ActiveCfg = Release|Any CPU
		{0F3468FD-C684-4D5B-A04A-6E09440A0464}.Release|Any CPU.Build.0 = Release|Any CPU
		{A943D278-98DF-42E7-9CF3-41390CBC4FD6}.Debug|Any CPU.ActiveCfg = Debug|Any CPU
		{A943D278-98DF-42E7-9CF3-41390CBC4FD6}.Debug|Any CPU.Build.0 = Debug|Any CPU
		{A943D278-98DF-42E7-9CF3-41390CBC4FD6}.Release|Any CPU.ActiveCfg = Release|Any CPU
		{A943D278-98DF-42E7-9CF3-41390CBC4FD6}.Release|Any CPU.Build.0 = Release|Any CPU
		{DF97FBB2-33EC-4FCB-A00F-4CD9928AAA70}.Debug|Any CPU.ActiveCfg = Debug|Any CPU
		{DF97FBB2-33EC-4FCB-A00F-4CD9928AAA70}.Debug|Any CPU.Build.0 = Debug|Any CPU
		{DF97FBB2-33EC-4FCB-A00F-4CD9928AAA70}.Release|Any CPU.ActiveCfg = Release|Any CPU
		{DF97FBB2-33EC-4FCB-A00F-4CD9928AAA70}.Release|Any CPU.Build.0 = Release|Any CPU
		{F97B306D-F74F-40CE-841E-18D4E0948397}.Debug|Any CPU.ActiveCfg = Debug|Any CPU
		{F97B306D-F74F-40CE-841E-18D4E0948397}.Debug|Any CPU.Build.0 = Debug|Any CPU
		{F97B306D-F74F-40CE-841E-18D4E0948397}.Release|Any CPU.ActiveCfg = Release|Any CPU
		{F97B306D-F74F-40CE-841E-18D4E0948397}.Release|Any CPU.Build.0 = Release|Any CPU
		{32B5E381-78A6-4ADF-B008-F2C021D5586F}.Debug|Any CPU.ActiveCfg = Debug|Any CPU
		{32B5E381-78A6-4ADF-B008-F2C021D5586F}.Debug|Any CPU.Build.0 = Debug|Any CPU
		{32B5E381-78A6-4ADF-B008-F2C021D5586F}.Release|Any CPU.ActiveCfg = Release|Any CPU
		{32B5E381-78A6-4ADF-B008-F2C021D5586F}.Release|Any CPU.Build.0 = Release|Any CPU
		{C718D4FF-8E1F-4BBA-9DE6-2D33A272971B}.Debug|Any CPU.ActiveCfg = Debug|Any CPU
		{C718D4FF-8E1F-4BBA-9DE6-2D33A272971B}.Debug|Any CPU.Build.0 = Debug|Any CPU
		{C718D4FF-8E1F-4BBA-9DE6-2D33A272971B}.Release|Any CPU.ActiveCfg = Release|Any CPU
		{C718D4FF-8E1F-4BBA-9DE6-2D33A272971B}.Release|Any CPU.Build.0 = Release|Any CPU
		{FC999600-443D-4D6B-B980-70C0F643888D}.Debug|Any CPU.ActiveCfg = Debug|Any CPU
		{FC999600-443D-4D6B-B980-70C0F643888D}.Debug|Any CPU.Build.0 = Debug|Any CPU
		{FC999600-443D-4D6B-B980-70C0F643888D}.Release|Any CPU.ActiveCfg = Release|Any CPU
		{FC999600-443D-4D6B-B980-70C0F643888D}.Release|Any CPU.Build.0 = Release|Any CPU
		{32BD2D30-4B4E-433F-9626-CDE1F384BF77}.Debug|Any CPU.ActiveCfg = Debug|Any CPU
		{32BD2D30-4B4E-433F-9626-CDE1F384BF77}.Debug|Any CPU.Build.0 = Debug|Any CPU
		{32BD2D30-4B4E-433F-9626-CDE1F384BF77}.Release|Any CPU.ActiveCfg = Release|Any CPU
		{32BD2D30-4B4E-433F-9626-CDE1F384BF77}.Release|Any CPU.Build.0 = Release|Any CPU
		{4F3DAF02-4FD7-4BA7-8EC0-F0967A8B2686}.Debug|Any CPU.ActiveCfg = Debug|Any CPU
		{4F3DAF02-4FD7-4BA7-8EC0-F0967A8B2686}.Debug|Any CPU.Build.0 = Debug|Any CPU
		{4F3DAF02-4FD7-4BA7-8EC0-F0967A8B2686}.Release|Any CPU.ActiveCfg = Release|Any CPU
		{4F3DAF02-4FD7-4BA7-8EC0-F0967A8B2686}.Release|Any CPU.Build.0 = Release|Any CPU
		{42D80C8A-9FB6-4CA8-910D-BB683E35F861}.Debug|Any CPU.ActiveCfg = Debug|Any CPU
		{42D80C8A-9FB6-4CA8-910D-BB683E35F861}.Debug|Any CPU.Build.0 = Debug|Any CPU
		{42D80C8A-9FB6-4CA8-910D-BB683E35F861}.Release|Any CPU.ActiveCfg = Release|Any CPU
		{42D80C8A-9FB6-4CA8-910D-BB683E35F861}.Release|Any CPU.Build.0 = Release|Any CPU
		{291C38C7-E002-4247-B6B1-F3D4012B3542}.Debug|Any CPU.ActiveCfg = Debug|Any CPU
		{291C38C7-E002-4247-B6B1-F3D4012B3542}.Debug|Any CPU.Build.0 = Debug|Any CPU
		{291C38C7-E002-4247-B6B1-F3D4012B3542}.Release|Any CPU.ActiveCfg = Release|Any CPU
		{291C38C7-E002-4247-B6B1-F3D4012B3542}.Release|Any CPU.Build.0 = Release|Any CPU
		{2AB585A9-3001-4BB3-9A27-FAFBF19D2D93}.Debug|Any CPU.ActiveCfg = Debug|Any CPU
		{2AB585A9-3001-4BB3-9A27-FAFBF19D2D93}.Debug|Any CPU.Build.0 = Debug|Any CPU
		{2AB585A9-3001-4BB3-9A27-FAFBF19D2D93}.Release|Any CPU.ActiveCfg = Release|Any CPU
		{2AB585A9-3001-4BB3-9A27-FAFBF19D2D93}.Release|Any CPU.Build.0 = Release|Any CPU
	EndGlobalSection
	GlobalSection(SolutionProperties) = preSolution
		HideSolutionNode = FALSE
	EndGlobalSection
	GlobalSection(NestedProjects) = preSolution
		{0F3468FD-C684-4D5B-A04A-6E09440A0464} = {44EA3967-9481-42D7-A7F3-7C4B3AA5CE3B}
		{A943D278-98DF-42E7-9CF3-41390CBC4FD6} = {44EA3967-9481-42D7-A7F3-7C4B3AA5CE3B}
		{DF97FBB2-33EC-4FCB-A00F-4CD9928AAA70} = {44EA3967-9481-42D7-A7F3-7C4B3AA5CE3B}
		{4F3DAF02-4FD7-4BA7-8EC0-F0967A8B2686} = {44EA3967-9481-42D7-A7F3-7C4B3AA5CE3B}
		{291C38C7-E002-4247-B6B1-F3D4012B3542} = {44EA3967-9481-42D7-A7F3-7C4B3AA5CE3B}
	EndGlobalSection
EndGlobal
