
Microsoft Visual Studio Solution File, Format Version 12.00
Project("{FAE04EC0-301F-11D3-BF4B-00C04F79EFBC}") = "MajorLeagueMiruken.Api", "Source\MajorLeagueMiruken.Api\MajorLeagueMiruken.Api.csproj", "{AD5E3212-0B92-4856-9B0D-34471D0DC038}"
EndProject
Project("{FAE04EC0-301F-11D3-BF4B-00C04F79EFBC}") = "MajorLeagueMiruken", "Source\MajorLeagueMiruken\MajorLeagueMiruken.csproj", "{EC191FF1-8461-4559-8801-B089B7C73E6A}"
EndProject
Project("{2150E333-8FDC-42A3-9474-1A3956D46DE8}") = "Test", "Test", "{23FF6D4C-E4A3-4AF7-A044-052CB26826B1}"
EndProject
Project("{FAE04EC0-301F-11D3-BF4B-00C04F79EFBC}") = "Tests", "Test\Tests\Tests.csproj", "{791DFF90-B368-4DFF-80EE-4599196038F8}"
EndProject
Global
	GlobalSection(SolutionConfigurationPlatforms) = preSolution
		Debug|Any CPU = Debug|Any CPU
		Release|Any CPU = Release|Any CPU
	EndGlobalSection
	GlobalSection(ProjectConfigurationPlatforms) = postSolution
		{AD5E3212-0B92-4856-9B0D-34471D0DC038}.Debug|Any CPU.ActiveCfg = Debug|Any CPU
		{AD5E3212-0B92-4856-9B0D-34471D0DC038}.Debug|Any CPU.Build.0 = Debug|Any CPU
		{AD5E3212-0B92-4856-9B0D-34471D0DC038}.Release|Any CPU.ActiveCfg = Release|Any CPU
		{AD5E3212-0B92-4856-9B0D-34471D0DC038}.Release|Any CPU.Build.0 = Release|Any CPU
		{EC191FF1-8461-4559-8801-B089B7C73E6A}.Debug|Any CPU.ActiveCfg = Debug|Any CPU
		{EC191FF1-8461-4559-8801-B089B7C73E6A}.Debug|Any CPU.Build.0 = Debug|Any CPU
		{EC191FF1-8461-4559-8801-B089B7C73E6A}.Release|Any CPU.ActiveCfg = Release|Any CPU
		{EC191FF1-8461-4559-8801-B089B7C73E6A}.Release|Any CPU.Build.0 = Release|Any CPU
		{791DFF90-B368-4DFF-80EE-4599196038F8}.Debug|Any CPU.ActiveCfg = Debug|Any CPU
		{791DFF90-B368-4DFF-80EE-4599196038F8}.Debug|Any CPU.Build.0 = Debug|Any CPU
		{791DFF90-B368-4DFF-80EE-4599196038F8}.Release|Any CPU.ActiveCfg = Release|Any CPU
		{791DFF90-B368-4DFF-80EE-4599196038F8}.Release|Any CPU.Build.0 = Release|Any CPU
	EndGlobalSection
	GlobalSection(NestedProjects) = preSolution
		{791DFF90-B368-4DFF-80EE-4599196038F8} = {23FF6D4C-E4A3-4AF7-A044-052CB26826B1}
	EndGlobalSection
EndGlobal
