
Microsoft Visual Studio Solution File, Format Version 12.00
# Visual Studio 14
VisualStudioVersion = 14.0.25420.1
MinimumVisualStudioVersion = 10.0.40219.1
Project("{FAE04EC0-301F-11D3-BF4B-00C04F79EFBC}") = "MajorLeagueMiruken.Api", "src\MajorLeagueMiruken.Api\MajorLeagueMiruken.Api.csproj", "{32B5E381-78A6-4ADF-B008-F2C021D5586F}"
EndProject
Project("{FAE04EC0-301F-11D3-BF4B-00C04F79EFBC}") = "MajorLeagueMiruken.Wpf.App", "src\MajorLeagueMiruken.Wpf.App\MajorLeagueMiruken.Wpf.App.csproj", "{32BD2D30-4B4E-433F-9626-CDE1F384BF77}"
EndProject
Project("{2150E333-8FDC-42A3-9474-1A3956D46DE8}") = "Solution Items", "Solution Items", "{681AC634-C93C-4EA8-8325-83659F58A078}"
	ProjectSection(SolutionItems) = preProject
		NuGet.Config = NuGet.Config
	EndProjectSection
EndProject
Project("{FAE04EC0-301F-11D3-BF4B-00C04F79EFBC}") = "MajorLeagueMiruken.Console", "src\MajorLeagueMiruken.Console\MajorLeagueMiruken.Console.csproj", "{C718D4FF-8E1F-4BBA-9DE6-2D33A272971B}"
EndProject
Project("{FAE04EC0-301F-11D3-BF4B-00C04F79EFBC}") = "MajorLeagueMiruken.Mvc", "MajorLeagueMiruken.Mvc\MajorLeagueMiruken.Mvc.csproj", "{FC999600-443D-4D6B-B980-70C0F643888D}"
EndProject
Global
	GlobalSection(SolutionConfigurationPlatforms) = preSolution
		Debug|Any CPU = Debug|Any CPU
		Release|Any CPU = Release|Any CPU
	EndGlobalSection
	GlobalSection(ProjectConfigurationPlatforms) = postSolution
		{32B5E381-78A6-4ADF-B008-F2C021D5586F}.Debug|Any CPU.ActiveCfg = Debug|Any CPU
		{32B5E381-78A6-4ADF-B008-F2C021D5586F}.Debug|Any CPU.Build.0 = Debug|Any CPU
		{32B5E381-78A6-4ADF-B008-F2C021D5586F}.Release|Any CPU.ActiveCfg = Release|Any CPU
		{32B5E381-78A6-4ADF-B008-F2C021D5586F}.Release|Any CPU.Build.0 = Release|Any CPU
		{32BD2D30-4B4E-433F-9626-CDE1F384BF77}.Debug|Any CPU.ActiveCfg = Debug|Any CPU
		{32BD2D30-4B4E-433F-9626-CDE1F384BF77}.Debug|Any CPU.Build.0 = Debug|Any CPU
		{32BD2D30-4B4E-433F-9626-CDE1F384BF77}.Release|Any CPU.ActiveCfg = Release|Any CPU
		{32BD2D30-4B4E-433F-9626-CDE1F384BF77}.Release|Any CPU.Build.0 = Release|Any CPU
		{C718D4FF-8E1F-4BBA-9DE6-2D33A272971B}.Debug|Any CPU.ActiveCfg = Debug|Any CPU
		{C718D4FF-8E1F-4BBA-9DE6-2D33A272971B}.Debug|Any CPU.Build.0 = Debug|Any CPU
		{C718D4FF-8E1F-4BBA-9DE6-2D33A272971B}.Release|Any CPU.ActiveCfg = Release|Any CPU
		{C718D4FF-8E1F-4BBA-9DE6-2D33A272971B}.Release|Any CPU.Build.0 = Release|Any CPU
		{FC999600-443D-4D6B-B980-70C0F643888D}.Debug|Any CPU.ActiveCfg = Debug|Any CPU
		{FC999600-443D-4D6B-B980-70C0F643888D}.Debug|Any CPU.Build.0 = Debug|Any CPU
		{FC999600-443D-4D6B-B980-70C0F643888D}.Release|Any CPU.ActiveCfg = Release|Any CPU
		{FC999600-443D-4D6B-B980-70C0F643888D}.Release|Any CPU.Build.0 = Release|Any CPU
	EndGlobalSection
	GlobalSection(SolutionProperties) = preSolution
		HideSolutionNode = FALSE
	EndGlobalSection
EndGlobal
